// !$*UTF8*$!
{
	archiveVersion = 1;
	classes = {
	};
	objectVersion = 50;
	objects = {

/* Begin PBXBuildFile section */
		FF130C2A24016DCA008DDE6E /* README.md in Resources */ = {isa = PBXBuildFile; fileRef = FF130C2924016DCA008DDE6E /* README.md */; };
		FF130C2C24016EF5008DDE6E /* demo.gif in Resources */ = {isa = PBXBuildFile; fileRef = FF130C2B24016EF4008DDE6E /* demo.gif */; };
		FF87A87023FFB60A00CFD8B5 /* AppDelegate.swift in Sources */ = {isa = PBXBuildFile; fileRef = FF87A86F23FFB60A00CFD8B5 /* AppDelegate.swift */; };
		FF87A87223FFB60A00CFD8B5 /* SceneDelegate.swift in Sources */ = {isa = PBXBuildFile; fileRef = FF87A87123FFB60A00CFD8B5 /* SceneDelegate.swift */; };
		FF87A87423FFB60A00CFD8B5 /* ContentView.swift in Sources */ = {isa = PBXBuildFile; fileRef = FF87A87323FFB60A00CFD8B5 /* ContentView.swift */; };
		FF87A87623FFB60D00CFD8B5 /* Assets.xcassets in Resources */ = {isa = PBXBuildFile; fileRef = FF87A87523FFB60D00CFD8B5 /* Assets.xcassets */; };
		FF87A87923FFB60D00CFD8B5 /* Preview Assets.xcassets in Resources */ = {isa = PBXBuildFile; fileRef = FF87A87823FFB60D00CFD8B5 /* Preview Assets.xcassets */; };
		FF87A87C23FFB60D00CFD8B5 /* LaunchScreen.storyboard in Resources */ = {isa = PBXBuildFile; fileRef = FF87A87A23FFB60D00CFD8B5 /* LaunchScreen.storyboard */; };
		FF87A88423FFB81F00CFD8B5 /* GameHandler.swift in Sources */ = {isa = PBXBuildFile; fileRef = FF87A88323FFB81F00CFD8B5 /* GameHandler.swift */; };
/* End PBXBuildFile section */

/* Begin PBXFileReference section */
		FF130C2924016DCA008DDE6E /* README.md */ = {isa = PBXFileReference; lastKnownFileType = net.daringfireball.markdown; path = README.md; sourceTree = "<group>"; };
		FF130C2B24016EF4008DDE6E /* demo.gif */ = {isa = PBXFileReference; lastKnownFileType = image.gif; path = demo.gif; sourceTree = "<group>"; };
		FF87A86C23FFB60A00CFD8B5 /* TicTocToe.app */ = {isa = PBXFileReference; explicitFileType = wrapper.application; includeInIndex = 0; path = TicTocToe.app; sourceTree = BUILT_PRODUCTS_DIR; };
		FF87A86F23FFB60A00CFD8B5 /* AppDelegate.swift */ = {isa = PBXFileReference; lastKnownFileType = sourcecode.swift; path = AppDelegate.swift; sourceTree = "<group>"; };
		FF87A87123FFB60A00CFD8B5 /* SceneDelegate.swift */ = {isa = PBXFileReference; lastKnownFileType = sourcecode.swift; path = SceneDelegate.swift; sourceTree = "<group>"; };
		FF87A87323FFB60A00CFD8B5 /* ContentView.swift */ = {isa = PBXFileReference; lastKnownFileType = sourcecode.swift; path = ContentView.swift; sourceTree = "<group>"; };
		FF87A87523FFB60D00CFD8B5 /* Assets.xcassets */ = {isa = PBXFileReference; lastKnownFileType = folder.assetcatalog; path = Assets.xcassets; sourceTree = "<group>"; };
		FF87A87823FFB60D00CFD8B5 /* Preview Assets.xcassets */ = {isa = PBXFileReference; lastKnownFileType = folder.assetcatalog; path = "Preview Assets.xcassets"; sourceTree = "<group>"; };
		FF87A87B23FFB60D00CFD8B5 /* Base */ = {isa = PBXFileReference; lastKnownFileType = file.storyboard; name = Base; path = Base.lproj/LaunchScreen.storyboard; sourceTree = "<group>"; };
		FF87A87D23FFB60D00CFD8B5 /* Info.plist */ = {isa = PBXFileReference; lastKnownFileType = text.plist.xml; path = Info.plist; sourceTree = "<group>"; };
		FF87A88323FFB81F00CFD8B5 /* GameHandler.swift */ = {isa = PBXFileReference; lastKnownFileType = sourcecode.swift; path = GameHandler.swift; sourceTree = "<group>"; };
/* End PBXFileReference section */

/* Begin PBXFrameworksBuildPhase section */
		FF87A86923FFB60A00CFD8B5 /* Frameworks */ = {
			isa = PBXFrameworksBuildPhase;
			buildActionMask = 2147483647;
			files = (
			);
			runOnlyForDeploymentPostprocessing = 0;
		};
/* End PBXFrameworksBuildPhase section */

/* Begin PBXGroup section */
		FF87A86323FFB60A00CFD8B5 = {
			isa = PBXGroup;
			children = (
				FF130C2924016DCA008DDE6E /* README.md */,
				FF87A86E23FFB60A00CFD8B5 /* TicTocToe */,
				FF87A86D23FFB60A00CFD8B5 /* Products */,
			);
			sourceTree = "<group>";
		};
		FF87A86D23FFB60A00CFD8B5 /* Products */ = {
			isa = PBXGroup;
			children = (
				FF87A86C23FFB60A00CFD8B5 /* TicTocToe.app */,
			);
			name = Products;
			sourceTree = "<group>";
		};
		FF87A86E23FFB60A00CFD8B5 /* TicTocToe */ = {
			isa = PBXGroup;
			children = (
				FF130C2B24016EF4008DDE6E /* demo.gif */,
				FF87A86F23FFB60A00CFD8B5 /* AppDelegate.swift */,
				FF87A87123FFB60A00CFD8B5 /* SceneDelegate.swift */,
				FF87A88323FFB81F00CFD8B5 /* GameHandler.swift */,
				FF87A87323FFB60A00CFD8B5 /* ContentView.swift */,
				FF87A87523FFB60D00CFD8B5 /* Assets.xcassets */,
				FF87A87A23FFB60D00CFD8B5 /* LaunchScreen.storyboard */,
				FF87A87D23FFB60D00CFD8B5 /* Info.plist */,
				FF87A87723FFB60D00CFD8B5 /* Preview Content */,
			);
			path = TicTocToe;
			sourceTree = "<group>";
		};
		FF87A87723FFB60D00CFD8B5 /* Preview Content */ = {
			isa = PBXGroup;
			children = (
				FF87A87823FFB60D00CFD8B5 /* Preview Assets.xcassets */,
			);
			path = "Preview Content";
			sourceTree = "<group>";
		};
/* End PBXGroup section */

/* Begin PBXNativeTarget section */
		FF87A86B23FFB60A00CFD8B5 /* TicTocToe */ = {
			isa = PBXNativeTarget;
			buildConfigurationList = FF87A88023FFB60D00CFD8B5 /* Build configuration list for PBXNativeTarget "TicTocToe" */;
			buildPhases = (
				FF87A86823FFB60A00CFD8B5 /* Sources */,
				FF87A86923FFB60A00CFD8B5 /* Frameworks */,
				FF87A86A23FFB60A00CFD8B5 /* Resources */,
			);
			buildRules = (
			);
			dependencies = (
			);
			name = TicTocToe;
			productName = TicTocToe;
			productReference = FF87A86C23FFB60A00CFD8B5 /* TicTocToe.app */;
			productType = "com.apple.product-type.application";
		};
/* End PBXNativeTarget section */

/* Begin PBXProject section */
		FF87A86423FFB60A00CFD8B5 /* Project object */ = {
			isa = PBXProject;
			attributes = {
				LastSwiftUpdateCheck = 1130;
				LastUpgradeCheck = 1130;
				ORGANIZATIONNAME = "Hitesh Agarwal";
				TargetAttributes = {
					FF87A86B23FFB60A00CFD8B5 = {
						CreatedOnToolsVersion = 11.3.1;
					};
				};
			};
			buildConfigurationList = FF87A86723FFB60A00CFD8B5 /* Build configuration list for PBXProject "TicTocToe" */;
			compatibilityVersion = "Xcode 9.3";
			developmentRegion = en;
			hasScannedForEncodings = 0;
			knownRegions = (
				en,
				Base,
			);
			mainGroup = FF87A86323FFB60A00CFD8B5;
			productRefGroup = FF87A86D23FFB60A00CFD8B5 /* Products */;
			projectDirPath = "";
			projectRoot = "";
			targets = (
				FF87A86B23FFB60A00CFD8B5 /* TicTocToe */,
			);
		};
/* End PBXProject section */

/* Begin PBXResourcesBuildPhase section */
		FF87A86A23FFB60A00CFD8B5 /* Resources */ = {
			isa = PBXResourcesBuildPhase;
			buildActionMask = 2147483647;
			files = (
				FF87A87C23FFB60D00CFD8B5 /* LaunchScreen.storyboard in Resources */,
				FF87A87923FFB60D00CFD8B5 /* Preview Assets.xcassets in Resources */,
				FF130C2A24016DCA008DDE6E /* README.md in Resources */,
				FF87A87623FFB60D00CFD8B5 /* Assets.xcassets in Resources */,
				FF130C2C24016EF5008DDE6E /* demo.gif in Resources */,
			);
			runOnlyForDeploymentPostprocessing = 0;
		};
/* End PBXResourcesBuildPhase section */

/* Begin PBXSourcesBuildPhase section */
		FF87A86823FFB60A00CFD8B5 /* Sources */ = {
			isa = PBXSourcesBuildPhase;
			buildActionMask = 2147483647;
			files = (
				FF87A88423FFB81F00CFD8B5 /* GameHandler.swift in Sources */,
				FF87A87023FFB60A00CFD8B5 /* AppDelegate.swift in Sources */,
				FF87A87223FFB60A00CFD8B5 /* SceneDelegate.swift in Sources */,
				FF87A87423FFB60A00CFD8B5 /* ContentView.swift in Sources */,
			);
			runOnlyForDeploymentPostprocessing = 0;
		};
/* End PBXSourcesBuildPhase section */

/* Begin PBXVariantGroup section */
		FF87A87A23FFB60D00CFD8B5 /* LaunchScreen.storyboard */ = {
			isa = PBXVariantGroup;
			children = (
				FF87A87B23FFB60D00CFD8B5 /* Base */,
			);
			name = LaunchScreen.storyboard;
			sourceTree = "<group>";
		};
/* End PBXVariantGroup section */

/* Begin XCBuildConfiguration section */
		FF87A87E23FFB60D00CFD8B5 /* Debug */ = {
			isa = XCBuildConfiguration;
			buildSettings = {
				ALWAYS_SEARCH_USER_PATHS = NO;
				CLANG_ANALYZER_NONNULL = YES;
				CLANG_ANALYZER_NUMBER_OBJECT_CONVERSION = YES_AGGRESSIVE;
				CLANG_CXX_LANGUAGE_STANDARD = "gnu++14";
				CLANG_CXX_LIBRARY = "libc++";
				CLANG_ENABLE_MODULES = YES;
				CLANG_ENABLE_OBJC_ARC = YES;
				CLANG_ENABLE_OBJC_WEAK = YES;
				CLANG_WARN_BLOCK_CAPTURE_AUTORELEASING = YES;
				CLANG_WARN_BOOL_CONVERSION = YES;
				CLANG_WARN_COMMA = YES;
				CLANG_WARN_CONSTANT_CONVERSION = YES;
				CLANG_WARN_DEPRECATED_OBJC_IMPLEMENTATIONS = YES;
				CLANG_WARN_DIRECT_OBJC_ISA_USAGE = YES_ERROR;
				CLANG_WARN_DOCUMENTATION_COMMENTS = YES;
				CLANG_WARN_EMPTY_BODY = YES;
				CLANG_WARN_ENUM_CONVERSION = YES;
				CLANG_WARN_INFINITE_RECURSION = YES;
				CLANG_WARN_INT_CONVERSION = YES;
				CLANG_WARN_NON_LITERAL_NULL_CONVERSION = YES;
				CLANG_WARN_OBJC_IMPLICIT_RETAIN_SELF = YES;
				CLANG_WARN_OBJC_LITERAL_CONVERSION = YES;
				CLANG_WARN_OBJC_ROOT_CLASS = YES_ERROR;
				CLANG_WARN_RANGE_LOOP_ANALYSIS = YES;
				CLANG_WARN_STRICT_PROTOTYPES = YES;
				CLANG_WARN_SUSPICIOUS_MOVE = YES;
				CLANG_WARN_UNGUARDED_AVAILABILITY = YES_AGGRESSIVE;
				CLANG_WARN_UNREACHABLE_CODE = YES;
				CLANG_WARN__DUPLICATE_METHOD_MATCH = YES;
				COPY_PHASE_STRIP = NO;
				DEBUG_INFORMATION_FORMAT = dwarf;
				ENABLE_STRICT_OBJC_MSGSEND = YES;
				ENABLE_TESTABILITY = YES;
				GCC_C_LANGUAGE_STANDARD = gnu11;
				GCC_DYNAMIC_NO_PIC = NO;
				GCC_NO_COMMON_BLOCKS = YES;
				GCC_OPTIMIZATION_LEVEL = 0;
				GCC_PREPROCESSOR_DEFINITIONS = (
					"DEBUG=1",
					"$(inherited)",
				);
				GCC_WARN_64_TO_32_BIT_CONVERSION = YES;
				GCC_WARN_ABOUT_RETURN_TYPE = YES_ERROR;
				GCC_WARN_UNDECLARED_SELECTOR = YES;
				GCC_WARN_UNINITIALIZED_AUTOS = YES_AGGRESSIVE;
				GCC_WARN_UNUSED_FUNCTION = YES;
				GCC_WARN_UNUSED_VARIABLE = YES;
				IPHONEOS_DEPLOYMENT_TARGET = 13.2;
				MTL_ENABLE_DEBUG_INFO = INCLUDE_SOURCE;
				MTL_FAST_MATH = YES;
				ONLY_ACTIVE_ARCH = YES;
				SDKROOT = iphoneos;
				SWIFT_ACTIVE_COMPILATION_CONDITIONS = DEBUG;
				SWIFT_OPTIMIZATION_LEVEL = "-Onone";
			};
			name = Debug;
		};
		FF87A87F23FFB60D00CFD8B5 /* Release */ = {
			isa = XCBuildConfiguration;
			buildSettings = {
				ALWAYS_SEARCH_USER_PATHS = NO;
				CLANG_ANALYZER_NONNULL = YES;
				CLANG_ANALYZER_NUMBER_OBJECT_CONVERSION = YES_AGGRESSIVE;
				CLANG_CXX_LANGUAGE_STANDARD = "gnu++14";
				CLANG_CXX_LIBRARY = "libc++";
				CLANG_ENABLE_MODULES = YES;
				CLANG_ENABLE_OBJC_ARC = YES;
				CLANG_ENABLE_OBJC_WEAK = YES;
				CLANG_WARN_BLOCK_CAPTURE_AUTORELEASING = YES;
				CLANG_WARN_BOOL_CONVERSION = YES;
				CLANG_WARN_COMMA = YES;
				CLANG_WARN_CONSTANT_CONVERSION = YES;
				CLANG_WARN_DEPRECATED_OBJC_IMPLEMENTATIONS = YES;
				CLANG_WARN_DIRECT_OBJC_ISA_USAGE = YES_ERROR;
				CLANG_WARN_DOCUMENTATION_COMMENTS = YES;
				CLANG_WARN_EMPTY_BODY = YES;
				CLANG_WARN_ENUM_CONVERSION = YES;
				CLANG_WARN_INFINITE_RECURSION = YES;
				CLANG_WARN_INT_CONVERSION = YES;
				CLANG_WARN_NON_LITERAL_NULL_CONVERSION = YES;
				CLANG_WARN_OBJC_IMPLICIT_RETAIN_SELF = YES;
				CLANG_WARN_OBJC_LITERAL_CONVERSION = YES;
				CLANG_WARN_OBJC_ROOT_CLASS = YES_ERROR;
				CLANG_WARN_RANGE_LOOP_ANALYSIS = YES;
				CLANG_WARN_STRICT_PROTOTYPES = YES;
				CLANG_WARN_SUSPICIOUS_MOVE = YES;
				CLANG_WARN_UNGUARDED_AVAILABILITY = YES_AGGRESSIVE;
				CLANG_WARN_UNREACHABLE_CODE = YES;
				CLANG_WARN__DUPLICATE_METHOD_MATCH = YES;
				COPY_PHASE_STRIP = NO;
				DEBUG_INFORMATION_FORMAT = "dwarf-with-dsym";
				ENABLE_NS_ASSERTIONS = NO;
				ENABLE_STRICT_OBJC_MSGSEND = YES;
				GCC_C_LANGUAGE_STANDARD = gnu11;
				GCC_NO_COMMON_BLOCKS = YES;
				GCC_WARN_64_TO_32_BIT_CONVERSION = YES;
				GCC_WARN_ABOUT_RETURN_TYPE = YES_ERROR;
				GCC_WARN_UNDECLARED_SELECTOR = YES;
				GCC_WARN_UNINITIALIZED_AUTOS = YES_AGGRESSIVE;
				GCC_WARN_UNUSED_FUNCTION = YES;
				GCC_WARN_UNUSED_VARIABLE = YES;
				IPHONEOS_DEPLOYMENT_TARGET = 13.2;
				MTL_ENABLE_DEBUG_INFO = NO;
				MTL_FAST_MATH = YES;
				SDKROOT = iphoneos;
				SWIFT_COMPILATION_MODE = wholemodule;
				SWIFT_OPTIMIZATION_LEVEL = "-O";
				VALIDATE_PRODUCT = YES;
			};
			name = Release;
		};
		FF87A88123FFB60D00CFD8B5 /* Debug */ = {
			isa = XCBuildConfiguration;
			buildSettings = {
				ASSETCATALOG_COMPILER_APPICON_NAME = AppIcon;
				CODE_SIGN_IDENTITY = "Apple Development: Rachit Khattar (UEA644CFBW)";
				CODE_SIGN_STYLE = Manual;
				DEVELOPMENT_ASSET_PATHS = "\"TicTocToe/Preview Content\"";
				DEVELOPMENT_TEAM = Z5LB5Z7JN9;
				ENABLE_PREVIEWS = YES;
				INFOPLIST_FILE = TicTocToe/Info.plist;
				IPHONEOS_DEPLOYMENT_TARGET = 13.0;
				LD_RUNPATH_SEARCH_PATHS = (
					"$(inherited)",
					"@executable_path/Frameworks",
				);
				PRODUCT_BUNDLE_IDENTIFIER = com.etm.poc;
				PRODUCT_NAME = "$(TARGET_NAME)";
				PROVISIONING_PROFILE_SPECIFIER = etmpocdev;
				SWIFT_VERSION = 5.0;
				TARGETED_DEVICE_FAMILY = "1,2";
			};
			name = Debug;
		};
		FF87A88223FFB60D00CFD8B5 /* Release */ = {
			isa = XCBuildConfiguration;
			buildSettings = {
				ASSETCATALOG_COMPILER_APPICON_NAME = AppIcon;
				CODE_SIGN_IDENTITY = "Apple Development: Rachit Khattar (UEA644CFBW)";
				CODE_SIGN_STYLE = Manual;
				DEVELOPMENT_ASSET_PATHS = "\"TicTocToe/Preview Content\"";
				DEVELOPMENT_TEAM = Z5LB5Z7JN9;
				ENABLE_PREVIEWS = YES;
				INFOPLIST_FILE = TicTocToe/Info.plist;
				IPHONEOS_DEPLOYMENT_TARGET = 13.0;
				LD_RUNPATH_SEARCH_PATHS = (
					"$(inherited)",
					"@executable_path/Frameworks",
				);
				PRODUCT_BUNDLE_IDENTIFIER = com.etm.poc;
				PRODUCT_NAME = "$(TARGET_NAME)";
				PROVISIONING_PROFILE_SPECIFIER = etmpocdev;
				SWIFT_VERSION = 5.0;
				TARGETED_DEVICE_FAMILY = "1,2";
			};
			name = Release;
		};
/* End XCBuildConfiguration section */

/* Begin XCConfigurationList section */
		FF87A86723FFB60A00CFD8B5 /* Build configuration list for PBXProject "TicTocToe" */ = {
			isa = XCConfigurationList;
			buildConfigurations = (
				FF87A87E23FFB60D00CFD8B5 /* Debug */,
				FF87A87F23FFB60D00CFD8B5 /* Release */,
			);
			defaultConfigurationIsVisible = 0;
			defaultConfigurationName = Release;
		};
		FF87A88023FFB60D00CFD8B5 /* Build configuration list for PBXNativeTarget "TicTocToe" */ = {
			isa = XCConfigurationList;
			buildConfigurations = (
				FF87A88123FFB60D00CFD8B5 /* Debug */,
				FF87A88223FFB60D00CFD8B5 /* Release */,
			);
			defaultConfigurationIsVisible = 0;
			defaultConfigurationName = Release;
		};
/* End XCConfigurationList section */
	};
	rootObject = FF87A86423FFB60A00CFD8B5 /* Project object */;
}
